
Microsoft Visual Studio Solution File, Format Version 12.00
# Visual Studio Version 17
VisualStudioVersion = 17.12.35707.178
MinimumVisualStudioVersion = 10.0.40219.1
Project("{FAE04EC0-301F-11D3-BF4B-00C04F79EFBC}") = "ToDoApi", "Services\ToDoApi\Api\ToDoApi.csproj", "{45EE54A4-2F2E-4D8B-8CC4-8D48A42C8E1B}"
EndProject
Project("{2150E333-8FDC-42A3-9474-1A3956D46DE8}") = "Tests", "Tests", "{02EA681E-C7D8-13C7-8484-4AC65E1B71E8}"
EndProject
Project("{FAE04EC0-301F-11D3-BF4B-00C04F79EFBC}") = "ToDoApi.Tests", "Services\ToDoApi\Tests\ToDoApi.Tests\ToDoApi.Tests.csproj", "{309D1517-C85B-4351-BD37-E67FC047AD88}"
EndProject
Global
	GlobalSection(SolutionConfigurationPlatforms) = preSolution
		Debug|Any CPU = Debug|Any CPU
		Release|Any CPU = Release|Any CPU
	EndGlobalSection
	GlobalSection(ProjectConfigurationPlatforms) = postSolution
		{45EE54A4-2F2E-4D8B-8CC4-8D48A42C8E1B}.Debug|Any CPU.ActiveCfg = Debug|Any CPU
		{45EE54A4-2F2E-4D8B-8CC4-8D48A42C8E1B}.Debug|Any CPU.Build.0 = Debug|Any CPU
		{45EE54A4-2F2E-4D8B-8CC4-8D48A42C8E1B}.Release|Any CPU.ActiveCfg = Release|Any CPU
		{45EE54A4-2F2E-4D8B-8CC4-8D48A42C8E1B}.Release|Any CPU.Build.0 = Release|Any CPU
		{309D1517-C85B-4351-BD37-E67FC047AD88}.Debug|Any CPU.ActiveCfg = Debug|Any CPU
		{309D1517-C85B-4351-BD37-E67FC047AD88}.Debug|Any CPU.Build.0 = Debug|Any CPU
		{309D1517-C85B-4351-BD37-E67FC047AD88}.Release|Any CPU.ActiveCfg = Release|Any CPU
		{309D1517-C85B-4351-BD37-E67FC047AD88}.Release|Any CPU.Build.0 = Release|Any CPU
	EndGlobalSection
	GlobalSection(SolutionProperties) = preSolution
		HideSolutionNode = FALSE
	EndGlobalSection
	GlobalSection(NestedProjects) = preSolution
		{309D1517-C85B-4351-BD37-E67FC047AD88} = {02EA681E-C7D8-13C7-8484-4AC65E1B71E8}
	EndGlobalSection
	GlobalSection(ExtensibilityGlobals) = postSolution
		SolutionGuid = {3A0B0169-6FD4-4BC3-90E0-3A1B8E68ED34}
	EndGlobalSection
EndGlobal
